
Microsoft Visual Studio Solution File, Format Version 12.00
Project("{2150E333-8FDC-42A3-9474-1A3956D46DE8}") = "Services", "Services", "{A4CDC1DC-B83E-4F75-A15C-FF4A0502CABD}"
EndProject
Project("{2150E333-8FDC-42A3-9474-1A3956D46DE8}") = "Catalog", "Catalog", "{C1E5E5AC-FA56-4593-BB60-2802934D04F1}"
EndProject
Project("{FAE04EC0-301F-11D3-BF4B-00C04F79EFBC}") = "FreeCourse.Services.Catalog", "Services\Catalog\FreeCourse.Services.Catalog\FreeCourse.Services.Catalog.csproj", "{9F234ABF-0AFF-42B1-AF12-FC895A63CFAA}"
EndProject
Global
	GlobalSection(SolutionConfigurationPlatforms) = preSolution
		Debug|Any CPU = Debug|Any CPU
		Release|Any CPU = Release|Any CPU
	EndGlobalSection
	GlobalSection(NestedProjects) = preSolution
		{C1E5E5AC-FA56-4593-BB60-2802934D04F1} = {A4CDC1DC-B83E-4F75-A15C-FF4A0502CABD}
		{9F234ABF-0AFF-42B1-AF12-FC895A63CFAA} = {C1E5E5AC-FA56-4593-BB60-2802934D04F1}
	EndGlobalSection
	GlobalSection(ProjectConfigurationPlatforms) = postSolution
		{9F234ABF-0AFF-42B1-AF12-FC895A63CFAA}.Debug|Any CPU.ActiveCfg = Debug|Any CPU
		{9F234ABF-0AFF-42B1-AF12-FC895A63CFAA}.Debug|Any CPU.Build.0 = Debug|Any CPU
		{9F234ABF-0AFF-42B1-AF12-FC895A63CFAA}.Release|Any CPU.ActiveCfg = Release|Any CPU
		{9F234ABF-0AFF-42B1-AF12-FC895A63CFAA}.Release|Any CPU.Build.0 = Release|Any CPU
	EndGlobalSection
EndGlobal
